# generated by rye
# use `rye lock` or `rye sync` to update this lockfile
#
# last locked with the following flags:
#   pre: false
#   features: []
#   all-features: false
#   with-sources: false
#   generate-hashes: false

-e file:.
annotated-types==0.7.0
    # via pydantic
beautifulsoup4==4.12.3
    # via bs4
blis==0.7.11
    # via thinc
bs4==0.0.2
    # via readlex
catalogue==2.0.10
    # via spacy
    # via srsly
    # via thinc
certifi==2024.2.2
    # via requests
charset-normalizer==3.3.2
    # via requests
click==8.1.7
    # via typer
cloudpathlib==0.16.0
    # via weasel
confection==0.1.5
    # via thinc
    # via weasel
cymem==2.0.8
    # via preshed
    # via spacy
    # via thinc
docstring-parser==0.16
    # via typed-argument-parser
en-core-web-sm @ https://github.com/explosion/spacy-models/releases/download/en_core_web_sm-3.7.1/en_core_web_sm-3.7.1-py3-none-any.whl
    # via readlex
idna==3.7
    # via requests
jinja2==3.1.4
    # via spacy
langcodes==3.4.0
    # via spacy
language-data==1.2.0
    # via langcodes
marisa-trie==1.1.1
    # via language-data
markupsafe==2.1.5
    # via jinja2
murmurhash==1.0.10
    # via preshed
    # via spacy
    # via thinc
mypy-extensions==1.0.0
    # via typing-inspect
numpy==1.26.4
    # via blis
    # via spacy
    # via thinc
packaging==24.0
    # via spacy
    # via thinc
    # via weasel
preshed==3.0.9
    # via spacy
    # via thinc
pydantic==2.7.2
    # via confection
    # via spacy
    # via thinc
    # via weasel
pydantic-core==2.18.3
    # via pydantic
requests==2.32.3
    # via spacy
    # via weasel
setuptools==70.0.0
    # via marisa-trie
    # via spacy
    # via thinc
smart-open==6.4.0
    # via spacy
    # via weasel
smartypants==2.0.1
    # via readlex
soupsieve==2.5
    # via beautifulsoup4
spacy==3.7.4
    # via en-core-web-sm
    # via readlex
spacy-legacy==3.0.12
    # via spacy
spacy-loggers==1.0.5
    # via spacy
srsly==2.4.8
    # via confection
    # via spacy
    # via thinc
    # via weasel
thinc==8.2.3
    # via spacy
tqdm==4.66.4
    # via spacy
typed-argument-parser==1.10.0
    # via readlex
typer==0.9.4
    # via spacy
    # via weasel
typing-extensions==4.12.0
    # via pydantic
    # via pydantic-core
    # via typer
    # via typing-inspect
typing-inspect==0.9.0
    # via typed-argument-parser
unidecode==1.3.8
    # via readlex
urllib3==2.2.1
    # via requests
wasabi==1.1.3
    # via spacy
    # via thinc
    # via weasel
weasel==0.3.4
    # via spacy
